
Microsoft Visual Studio Solution File, Format Version 12.00
# Visual Studio 15
VisualStudioVersion = 15.0.26124.0
MinimumVisualStudioVersion = 15.0.26124.0
Project("{FAE04EC0-301F-11D3-BF4B-00C04F79EFBC}") = "API", "API\API.csproj", "{7595C256-1A10-486E-BD09-F7D7031471F2}"
EndProject
Project("{FAE04EC0-301F-11D3-BF4B-00C04F79EFBC}") = "Core", "Core\Core.csproj", "{C49704C9-2949-4DA7-A399-ED10C93C9DFC}"
EndProject
Project("{FAE04EC0-301F-11D3-BF4B-00C04F79EFBC}") = "Infrastructure", "Infrastructure\Infrastructure.csproj", "{C8060235-0379-47E6-84EE-250C9F7A8D4C}"
EndProject
Global
	GlobalSection(SolutionConfigurationPlatforms) = preSolution
		Debug|Any CPU = Debug|Any CPU
		Debug|x64 = Debug|x64
		Debug|x86 = Debug|x86
		Release|Any CPU = Release|Any CPU
		Release|x64 = Release|x64
		Release|x86 = Release|x86
	EndGlobalSection
	GlobalSection(SolutionProperties) = preSolution
		HideSolutionNode = FALSE
	EndGlobalSection
	GlobalSection(ProjectConfigurationPlatforms) = postSolution
		{7595C256-1A10-486E-BD09-F7D7031471F2}.Debug|Any CPU.ActiveCfg = Debug|Any CPU
		{7595C256-1A10-486E-BD09-F7D7031471F2}.Debug|Any CPU.Build.0 = Debug|Any CPU
		{7595C256-1A10-486E-BD09-F7D7031471F2}.Debug|x64.ActiveCfg = Debug|Any CPU
		{7595C256-1A10-486E-BD09-F7D7031471F2}.Debug|x64.Build.0 = Debug|Any CPU
		{7595C256-1A10-486E-BD09-F7D7031471F2}.Debug|x86.ActiveCfg = Debug|Any CPU
		{7595C256-1A10-486E-BD09-F7D7031471F2}.Debug|x86.Build.0 = Debug|Any CPU
		{7595C256-1A10-486E-BD09-F7D7031471F2}.Release|Any CPU.ActiveCfg = Release|Any CPU
		{7595C256-1A10-486E-BD09-F7D7031471F2}.Release|Any CPU.Build.0 = Release|Any CPU
		{7595C256-1A10-486E-BD09-F7D7031471F2}.Release|x64.ActiveCfg = Release|Any CPU
		{7595C256-1A10-486E-BD09-F7D7031471F2}.Release|x64.Build.0 = Release|Any CPU
		{7595C256-1A10-486E-BD09-F7D7031471F2}.Release|x86.ActiveCfg = Release|Any CPU
		{7595C256-1A10-486E-BD09-F7D7031471F2}.Release|x86.Build.0 = Release|Any CPU
		{C49704C9-2949-4DA7-A399-ED10C93C9DFC}.Debug|Any CPU.ActiveCfg = Debug|Any CPU
		{C49704C9-2949-4DA7-A399-ED10C93C9DFC}.Debug|Any CPU.Build.0 = Debug|Any CPU
		{C49704C9-2949-4DA7-A399-ED10C93C9DFC}.Debug|x64.ActiveCfg = Debug|Any CPU
		{C49704C9-2949-4DA7-A399-ED10C93C9DFC}.Debug|x64.Build.0 = Debug|Any CPU
		{C49704C9-2949-4DA7-A399-ED10C93C9DFC}.Debug|x86.ActiveCfg = Debug|Any CPU
		{C49704C9-2949-4DA7-A399-ED10C93C9DFC}.Debug|x86.Build.0 = Debug|Any CPU
		{C49704C9-2949-4DA7-A399-ED10C93C9DFC}.Release|Any CPU.ActiveCfg = Release|Any CPU
		{C49704C9-2949-4DA7-A399-ED10C93C9DFC}.Release|Any CPU.Build.0 = Release|Any CPU
		{C49704C9-2949-4DA7-A399-ED10C93C9DFC}.Release|x64.ActiveCfg = Release|Any CPU
		{C49704C9-2949-4DA7-A399-ED10C93C9DFC}.Release|x64.Build.0 = Release|Any CPU
		{C49704C9-2949-4DA7-A399-ED10C93C9DFC}.Release|x86.ActiveCfg = Release|Any CPU
		{C49704C9-2949-4DA7-A399-ED10C93C9DFC}.Release|x86.Build.0 = Release|Any CPU
		{C8060235-0379-47E6-84EE-250C9F7A8D4C}.Debug|Any CPU.ActiveCfg = Debug|Any CPU
		{C8060235-0379-47E6-84EE-250C9F7A8D4C}.Debug|Any CPU.Build.0 = Debug|Any CPU
		{C8060235-0379-47E6-84EE-250C9F7A8D4C}.Debug|x64.ActiveCfg = Debug|Any CPU
		{C8060235-0379-47E6-84EE-250C9F7A8D4C}.Debug|x64.Build.0 = Debug|Any CPU
		{C8060235-0379-47E6-84EE-250C9F7A8D4C}.Debug|x86.ActiveCfg = Debug|Any CPU
		{C8060235-0379-47E6-84EE-250C9F7A8D4C}.Debug|x86.Build.0 = Debug|Any CPU
		{C8060235-0379-47E6-84EE-250C9F7A8D4C}.Release|Any CPU.ActiveCfg = Release|Any CPU
		{C8060235-0379-47E6-84EE-250C9F7A8D4C}.Release|Any CPU.Build.0 = Release|Any CPU
		{C8060235-0379-47E6-84EE-250C9F7A8D4C}.Release|x64.ActiveCfg = Release|Any CPU
		{C8060235-0379-47E6-84EE-250C9F7A8D4C}.Release|x64.Build.0 = Release|Any CPU
		{C8060235-0379-47E6-84EE-250C9F7A8D4C}.Release|x86.ActiveCfg = Release|Any CPU
		{C8060235-0379-47E6-84EE-250C9F7A8D4C}.Release|x86.Build.0 = Release|Any CPU
	EndGlobalSection
EndGlobal
